<?xml version="1.0" encoding="utf-8"?>
<Project ToolsVersion="4.0" xmlns="http://schemas.microsoft.com/developer/msbuild/2003">
  <ItemGroup>
    <Filter Include="소스 파일">
      <UniqueIdentifier>{4FC737F1-C7A5-4376-A066-2A32D752A2FF}</UniqueIdentifier>
      <Extensions>cpp;c;cc;cxx;c++;cppm;ixx;def;odl;idl;hpj;bat;asm;asmx</Extensions>
    </Filter>
    <Filter Include="헤더 파일">
      <UniqueIdentifier>{93995380-89BD-4b04-88EB-625FBE52EBFB}</UniqueIdentifier>
      <Extensions>h;hh;hpp;hxx;h++;hm;inl;inc;ipp;xsd</Extensions>
    </Filter>
    <Filter Include="리소스 파일">
      <UniqueIdentifier>{67DA6AB6-F800-4c08-8B7A-83BB121AAD01}</UniqueIdentifier>
      <Extensions>rc;ico;cur;bmp;dlg;rc2;rct;bin;rgs;gif;jpg;jpeg;jpe;resx;tiff;tif;png;wav;mfcribbon-ms</Extensions>
    </Filter>
  </ItemGroup>
  <ItemGroup>
    <ClCompile Include="이중배열채우기.cpp">
      <Filter>소스 파일</Filter>
    </ClCompile>
    <ClCompile Include="숫자더하기.cpp">
      <Filter>소스 파일</Filter>
    </ClCompile>
    <ClCompile Include="테두리.cpp">
      <Filter>소스 파일</Filter>
    </ClCompile>
    <ClCompile Include="배열에서문자.cpp">
      <Filter>소스 파일</Filter>
    </ClCompile>
    <ClCompile Include="한줄나열.cpp">
      <Filter>소스 파일</Filter>
    </ClCompile>
    <ClCompile Include="이중for문.cpp">
      <Filter>소스 파일</Filter>
    </ClCompile>
    <ClCompile Include="문자따로빼기.cpp">
      <Filter>소스 파일</Filter>
    </ClCompile>
    <ClCompile Include="세문자카운팅.cpp">
      <Filter>소스 파일</Filter>
    </ClCompile>
    <ClCompile Include="문자위치.cpp">
      <Filter>소스 파일</Filter>
    </ClCompile>
    <ClCompile Include="문자길이.cpp">
      <Filter>소스 파일</Filter>
    </ClCompile>
    <ClCompile Include="문자뺴오기.cpp">
      <Filter>소스 파일</Filter>
    </ClCompile>
    <ClCompile Include="배열에서숫자찾기.cpp">
      <Filter>소스 파일</Filter>
    </ClCompile>
    <ClCompile Include="원하는글자.cpp">
      <Filter>소스 파일</Filter>
    </ClCompile>
    <ClCompile Include="포인터주소.cpp">
      <Filter>소스 파일</Filter>
    </ClCompile>
    <ClCompile Include="숫자찾기.cpp">
      <Filter>소스 파일</Filter>
    </ClCompile>
    <ClCompile Include="배열비교.cpp">
      <Filter>소스 파일</Filter>
    </ClCompile>
    <ClCompile Include="동일비교.cpp">
      <Filter>소스 파일</Filter>
    </ClCompile>
    <ClCompile Include="동일문자여부.cpp">
      <Filter>소스 파일</Filter>
    </ClCompile>
    <ClCompile Include="계산후출력.cpp">
      <Filter>소스 파일</Filter>
    </ClCompile>
    <ClCompile Include="긴문장찾기.cpp">
      <Filter>소스 파일</Filter>
    </ClCompile>
    <ClCompile Include="거리계산.cpp">
      <Filter>소스 파일</Filter>
    </ClCompile>
    <ClCompile Include="각각계산.cpp">
      <Filter>소스 파일</Filter>
    </ClCompile>
    <ClCompile Include="MAX_MIN좌표.cpp">
      <Filter>소스 파일</Filter>
    </ClCompile>
    <ClCompile Include="ABC세기.cpp">
      <Filter>소스 파일</Filter>
    </ClCompile>
  </ItemGroup>
</Project>